
Microsoft Visual Studio Solution File, Format Version 12.00
# Visual Studio Version 16
VisualStudioVersion = 16.0.30711.63
MinimumVisualStudioVersion = 10.0.40219.1
Project("{9A19103F-16F7-4668-BE54-9A1E7A4F7556}") = "JR.Wrappers", "JR.Wrappers.csproj", "{FCB18AE4-0472-4758-A8E8-5F3298DE58FE}"
EndProject
Global
	GlobalSection(SolutionConfigurationPlatforms) = preSolution
		Debug|Any CPU = Debug|Any CPU
		Release|Any CPU = Release|Any CPU
	EndGlobalSection
	GlobalSection(ProjectConfigurationPlatforms) = postSolution
		{FCB18AE4-0472-4758-A8E8-5F3298DE58FE}.Debug|Any CPU.ActiveCfg = Debug|Any CPU
		{FCB18AE4-0472-4758-A8E8-5F3298DE58FE}.Debug|Any CPU.Build.0 = Debug|Any CPU
		{FCB18AE4-0472-4758-A8E8-5F3298DE58FE}.Release|Any CPU.ActiveCfg = Release|Any CPU
		{FCB18AE4-0472-4758-A8E8-5F3298DE58FE}.Release|Any CPU.Build.0 = Release|Any CPU
	EndGlobalSection
	GlobalSection(SolutionProperties) = preSolution
		HideSolutionNode = FALSE
	EndGlobalSection
	GlobalSection(ExtensibilityGlobals) = postSolution
		SolutionGuid = {949BE146-E0B2-4E98-AB76-A4F92264BBE0}
	EndGlobalSection
EndGlobal
