Microsoft Visual Studio Solution File, Format Version 12.00
# Visual Studio Version 17
VisualStudioVersion = 17.0.31912.275
MinimumVisualStudioVersion = 10.0.40219.1
Project("{6EC3EE1D-3C4E-46DD-8F32-0CC8E7565705}") = "PRo3D.Linking", "PRo3D.2D3DLinking\PRo3D.Linking.fsproj", "{674F1D0F-54AB-4880-8A9F-4AFB61F00999}"
EndProject
Project("{6EC3EE1D-3C4E-46DD-8F32-0CC8E7565705}") = "PRo3D.Base", "PRo3D.Base\PRo3D.Base.fsproj", "{6ED07581-1089-4AA7-A66D-FC2581278355}"
EndProject
Project("{9A19103F-16F7-4668-BE54-9A1E7A4F7556}") = "CSharpUtils", "CSharpUtils\CSharpUtils.csproj", "{88198843-22D3-49BD-9114-61F29A217195}"
EndProject
Project("{6EC3EE1D-3C4E-46DD-8F32-0CC8E7565705}") = "PRo3D.Minerva", "PRo3D.Minerva\PRo3D.Minerva.fsproj", "{76852227-902C-4AEC-A97F-1E666BC80B64}"
EndProject
Project("{6EC3EE1D-3C4E-46DD-8F32-0CC8E7565705}") = "PRo3D.Viewer", "PRo3D.Viewer\PRo3D.Viewer.fsproj", "{A375E5FD-ABB2-48CF-AF27-CC3E4B650D04}"
EndProject
Project("{6EC3EE1D-3C4E-46DD-8F32-0CC8E7565705}") = "PRo3D.SimulatedViews", "PRo3D.SimulatedViews\PRo3D.SimulatedViews.fsproj", "{2C32CEB8-AB50-40E4-927F-5C4AD5251CD1}"
EndProject
Project("{6EC3EE1D-3C4E-46DD-8F32-0CC8E7565705}") = "PRo3D.Core", "PRo3D.Core\PRo3D.Core.fsproj", "{F056E304-D2D0-4EC5-860E-3B0D855FB50E}"
EndProject
Project("{6EC3EE1D-3C4E-46DD-8F32-0CC8E7565705}") = "OpcViewer", "OpcViewer\OpcViewer.fsproj", "{99328F55-6096-4547-ABC0-9750C16772CB}"
EndProject
Project("{6EC3EE1D-3C4E-46DD-8F32-0CC8E7565705}") = "PRo3D.Snapshots", "PRo3D.Snapshots\PRo3D.Snapshots.fsproj", "{3382604C-D53A-4A64-A979-B946F8380E6D}"
EndProject
Project("{6EC3EE1D-3C4E-46DD-8F32-0CC8E7565705}") = "PRo3D.Lite", "PRo3D.Lite\PRo3D.Lite.fsproj", "{BD673740-89FF-4A91-AB9D-1774CC2E154F}"
EndProject
Project("{2150E333-8FDC-42A3-9474-1A3956D46DE8}") = "Solution Items", "Solution Items", "{EC91D5A1-9C4B-45A2-843C-CB687BF9581F}"
	ProjectSection(SolutionItems) = preProject
		..\paket.dependencies = ..\paket.dependencies
		..\scripts\printProjects.fsx = ..\scripts\printProjects.fsx
	EndProjectSection
EndProject
Project("{6EC3EE1D-3C4E-46DD-8F32-0CC8E7565705}") = "Tests", "Tests\Tests.fsproj", "{D71C7F9E-2847-4218-9FE9-31777CD0B470}"
EndProject
Project("{6EC3EE1D-3C4E-46DD-8F32-0CC8E7565705}") = "Build", "..\Build.fsproj", "{D1F8A5CC-0CB9-448B-8A54-05674C816153}"
EndProject
Global
	GlobalSection(SolutionConfigurationPlatforms) = preSolution
		Debug|Any CPU = Debug|Any CPU
		Release|Any CPU = Release|Any CPU
	EndGlobalSection
	GlobalSection(ProjectConfigurationPlatforms) = postSolution
		{674F1D0F-54AB-4880-8A9F-4AFB61F00999}.Debug|Any CPU.ActiveCfg = Debug|Any CPU
		{674F1D0F-54AB-4880-8A9F-4AFB61F00999}.Debug|Any CPU.Build.0 = Debug|Any CPU
		{674F1D0F-54AB-4880-8A9F-4AFB61F00999}.Release|Any CPU.ActiveCfg = Release|Any CPU
		{674F1D0F-54AB-4880-8A9F-4AFB61F00999}.Release|Any CPU.Build.0 = Release|Any CPU
		{6ED07581-1089-4AA7-A66D-FC2581278355}.Debug|Any CPU.ActiveCfg = Debug|Any CPU
		{6ED07581-1089-4AA7-A66D-FC2581278355}.Debug|Any CPU.Build.0 = Debug|Any CPU
		{6ED07581-1089-4AA7-A66D-FC2581278355}.Release|Any CPU.ActiveCfg = Release|Any CPU
		{6ED07581-1089-4AA7-A66D-FC2581278355}.Release|Any CPU.Build.0 = Release|Any CPU
		{88198843-22D3-49BD-9114-61F29A217195}.Debug|Any CPU.ActiveCfg = Debug|Any CPU
		{88198843-22D3-49BD-9114-61F29A217195}.Debug|Any CPU.Build.0 = Debug|Any CPU
		{88198843-22D3-49BD-9114-61F29A217195}.Release|Any CPU.ActiveCfg = Release|Any CPU
		{88198843-22D3-49BD-9114-61F29A217195}.Release|Any CPU.Build.0 = Release|Any CPU
		{76852227-902C-4AEC-A97F-1E666BC80B64}.Debug|Any CPU.ActiveCfg = Debug|Any CPU
		{76852227-902C-4AEC-A97F-1E666BC80B64}.Debug|Any CPU.Build.0 = Debug|Any CPU
		{76852227-902C-4AEC-A97F-1E666BC80B64}.Release|Any CPU.ActiveCfg = Release|Any CPU
		{76852227-902C-4AEC-A97F-1E666BC80B64}.Release|Any CPU.Build.0 = Release|Any CPU
		{A375E5FD-ABB2-48CF-AF27-CC3E4B650D04}.Debug|Any CPU.ActiveCfg = Debug|Any CPU
		{A375E5FD-ABB2-48CF-AF27-CC3E4B650D04}.Debug|Any CPU.Build.0 = Debug|Any CPU
		{A375E5FD-ABB2-48CF-AF27-CC3E4B650D04}.Release|Any CPU.ActiveCfg = Release|Any CPU
		{A375E5FD-ABB2-48CF-AF27-CC3E4B650D04}.Release|Any CPU.Build.0 = Release|Any CPU
		{2C32CEB8-AB50-40E4-927F-5C4AD5251CD1}.Debug|Any CPU.ActiveCfg = Debug|Any CPU
		{2C32CEB8-AB50-40E4-927F-5C4AD5251CD1}.Debug|Any CPU.Build.0 = Debug|Any CPU
		{2C32CEB8-AB50-40E4-927F-5C4AD5251CD1}.Release|Any CPU.ActiveCfg = Release|Any CPU
		{2C32CEB8-AB50-40E4-927F-5C4AD5251CD1}.Release|Any CPU.Build.0 = Release|Any CPU
		{F056E304-D2D0-4EC5-860E-3B0D855FB50E}.Debug|Any CPU.ActiveCfg = Debug|Any CPU
		{F056E304-D2D0-4EC5-860E-3B0D855FB50E}.Debug|Any CPU.Build.0 = Debug|Any CPU
		{F056E304-D2D0-4EC5-860E-3B0D855FB50E}.Release|Any CPU.ActiveCfg = Release|Any CPU
		{F056E304-D2D0-4EC5-860E-3B0D855FB50E}.Release|Any CPU.Build.0 = Release|Any CPU
		{99328F55-6096-4547-ABC0-9750C16772CB}.Debug|Any CPU.ActiveCfg = Debug|Any CPU
		{99328F55-6096-4547-ABC0-9750C16772CB}.Debug|Any CPU.Build.0 = Debug|Any CPU
		{99328F55-6096-4547-ABC0-9750C16772CB}.Release|Any CPU.ActiveCfg = Release|Any CPU
		{99328F55-6096-4547-ABC0-9750C16772CB}.Release|Any CPU.Build.0 = Release|Any CPU
		{3382604C-D53A-4A64-A979-B946F8380E6D}.Debug|Any CPU.ActiveCfg = Debug|Any CPU
		{3382604C-D53A-4A64-A979-B946F8380E6D}.Debug|Any CPU.Build.0 = Debug|Any CPU
		{3382604C-D53A-4A64-A979-B946F8380E6D}.Release|Any CPU.ActiveCfg = Release|Any CPU
		{3382604C-D53A-4A64-A979-B946F8380E6D}.Release|Any CPU.Build.0 = Release|Any CPU
		{BD673740-89FF-4A91-AB9D-1774CC2E154F}.Debug|Any CPU.ActiveCfg = Debug|Any CPU
		{BD673740-89FF-4A91-AB9D-1774CC2E154F}.Debug|Any CPU.Build.0 = Debug|Any CPU
		{BD673740-89FF-4A91-AB9D-1774CC2E154F}.Release|Any CPU.ActiveCfg = Release|Any CPU
		{BD673740-89FF-4A91-AB9D-1774CC2E154F}.Release|Any CPU.Build.0 = Release|Any CPU
		{D71C7F9E-2847-4218-9FE9-31777CD0B470}.Debug|Any CPU.ActiveCfg = Debug|Any CPU
		{D71C7F9E-2847-4218-9FE9-31777CD0B470}.Debug|Any CPU.Build.0 = Debug|Any CPU
		{D71C7F9E-2847-4218-9FE9-31777CD0B470}.Release|Any CPU.ActiveCfg = Release|Any CPU
		{D71C7F9E-2847-4218-9FE9-31777CD0B470}.Release|Any CPU.Build.0 = Release|Any CPU
		{D1F8A5CC-0CB9-448B-8A54-05674C816153}.Debug|Any CPU.ActiveCfg = Debug|Any CPU
		{D1F8A5CC-0CB9-448B-8A54-05674C816153}.Debug|Any CPU.Build.0 = Debug|Any CPU
		{D1F8A5CC-0CB9-448B-8A54-05674C816153}.Release|Any CPU.ActiveCfg = Release|Any CPU
		{D1F8A5CC-0CB9-448B-8A54-05674C816153}.Release|Any CPU.Build.0 = Release|Any CPU
	EndGlobalSection
	GlobalSection(SolutionProperties) = preSolution
		HideSolutionNode = FALSE
	EndGlobalSection
	GlobalSection(ExtensibilityGlobals) = postSolution
		SolutionGuid = {B0415F3B-1BB3-451B-80D6-320B5A942BE7}
	EndGlobalSection
EndGlobal
